
Microsoft Visual Studio Solution File, Format Version 12.00
# Visual Studio 2012
Project("{FAE04EC0-301F-11D3-BF4B-00C04F79EFBC}") = "Kernel", "Kernel\Kernel.csproj", "{B4B23590-B467-4F12-929B-313A2025613E}"
EndProject
Global
	GlobalSection(SolutionConfigurationPlatforms) = preSolution
		Debug|Any CPU = Debug|Any CPU
		Release|Any CPU = Release|Any CPU
	EndGlobalSection
	GlobalSection(ProjectConfigurationPlatforms) = postSolution
		{B4B23590-B467-4F12-929B-313A2025613E}.Debug|Any CPU.ActiveCfg = Debug|Any CPU
		{B4B23590-B467-4F12-929B-313A2025613E}.Debug|Any CPU.Build.0 = Debug|Any CPU
		{B4B23590-B467-4F12-929B-313A2025613E}.Release|Any CPU.ActiveCfg = Release|Any CPU
		{B4B23590-B467-4F12-929B-313A2025613E}.Release|Any CPU.Build.0 = Release|Any CPU
	EndGlobalSection
EndGlobal
